{
  "originHash" : "a8c68834a44a87ce538a9aacbd1a2cbf7740164fa76ad6a608a3ac152ed86c48",
  "pins" : [
    {
      "identity" : "corenostr",
      "kind" : "remoteSourceControl",
      "location" : "https://github.com/SparrowTek/CoreNostr.git",
      "state" : {
        "revision" : "7ec32d4b6a0956b1b1927ca62bacdfd835ee8782",
        "version" : "3.0.0"
      }
    },
    {
      "identity" : "ldk-swift",
      "kind" : "remoteSourceControl",
      "location" : "https://github.com/lightningdevkit/ldk-swift",
      "state" : {
        "revision" : "b36f37fc216ae83eb8fdc625ae3c85ea4158a7d6",
        "version" : "0.0.125"
      }
    },
    {
      "identity" : "nostrkit",
      "kind" : "remoteSourceControl",
      "location" : "https://github.com/SparrowTek/NostrKit",
      "state" : {
        "revision" : "c15a2e8fbf9c98f9cbe2b569f1f8731a810c747a",
        "version" : "3.0.0"
      }
    },
    {
      "identity" : "swift-asn1",
      "kind" : "remoteSourceControl",
      "location" : "https://github.com/apple/swift-asn1.git",
      "state" : {
        "revision" : "eb50cbd14606a9161cbc5d452f18797c90ef0bab",
        "version" : "1.7.0"
      }
    },
    {
      "identity" : "swift-crypto",
      "kind" : "remoteSourceControl",
      "location" : "https://github.com/apple/swift-crypto",
      "state" : {
        "revision" : "95ba0316a9b733e92bb6b071255ff46263bbe7dc",
        "version" : "3.15.1"
      }
    },
    {
      "identity" : "swift-secp256k1",
      "kind" : "remoteSourceControl",
      "location" : "https://github.com/21-DOT-DEV/swift-secp256k1",
      "state" : {
        "revision" : "cfab52e538683557259302c39ef25df60226eb30",
        "version" : "0.23.1"
      }
    },
    {
      "identity" : "vault",
      "kind" : "remoteSourceControl",
      "location" : "https://github.com/SparrowTek/Vault",
      "state" : {
        "revision" : "25df48f62a5382c217cfe67f2a12e6efe8f60ec4",
        "version" : "1.2.0"
      }
    }
  ],
  "version" : 3
}
