{
  "originHash" : "6fdc76d043ebb8a85f879a131b43da8fad196591fbf545579994113a6f10999d",
  "pins" : [
    {
      "identity" : "corenostr",
      "kind" : "remoteSourceControl",
      "location" : "https://github.com/SparrowTek/CoreNostr.git",
      "state" : {
        "revision" : "d842c83c49e421022f29fe158088a4e4b780c235",
        "version" : "3.0.2"
      }
    },
    {
      "identity" : "ldk-swift",
      "kind" : "remoteSourceControl",
      "location" : "https://github.com/lightningdevkit/ldk-swift",
      "state" : {
        "revision" : "b36f37fc216ae83eb8fdc625ae3c85ea4158a7d6",
        "version" : "0.0.125"
      }
    },
    {
      "identity" : "nostrkit",
      "kind" : "remoteSourceControl",
      "location" : "https://github.com/SparrowTek/NostrKit",
      "state" : {
        "revision" : "41aa938a3dcf3d07be2ff24dfa95ffb52de0c4a1",
        "version" : "5.0.0"
      }
    },
    {
      "identity" : "swift-asn1",
      "kind" : "remoteSourceControl",
      "location" : "https://github.com/apple/swift-asn1.git",
      "state" : {
        "revision" : "d9a5b37470adc940d22c3bcd5ca6953a516b727f",
        "version" : "1.7.2"
      }
    },
    {
      "identity" : "swift-crypto",
      "kind" : "remoteSourceControl",
      "location" : "https://github.com/apple/swift-crypto.git",
      "state" : {
        "revision" : "95ba0316a9b733e92bb6b071255ff46263bbe7dc",
        "version" : "3.15.1"
      }
    },
    {
      "identity" : "swift-secp256k1",
      "kind" : "remoteSourceControl",
      "location" : "https://github.com/21-DOT-DEV/swift-secp256k1",
      "state" : {
        "revision" : "e70a10e036a55fffea31568f0af92d69b6d449cd",
        "version" : "0.23.2"
      }
    },
    {
      "identity" : "vault",
      "kind" : "remoteSourceControl",
      "location" : "https://github.com/SparrowTek/Vault",
      "state" : {
        "revision" : "ccc4ec15f06490e6e7026603b4da6bc62258c46b",
        "version" : "2.1.0"
      }
    }
  ],
  "version" : 3
}
