{
  "originHash" : "beb6437465fdfff96b75dd61341ba6f3c345e5f8db2dfea08791275171f47556",
  "pins" : [
    {
      "identity" : "corenostr",
      "kind" : "remoteSourceControl",
      "location" : "https://github.com/SparrowTek/CoreNostr.git",
      "state" : {
        "revision" : "7ec32d4b6a0956b1b1927ca62bacdfd835ee8782",
        "version" : "3.0.0"
      }
    },
    {
      "identity" : "jwt-kit",
      "kind" : "remoteSourceControl",
      "location" : "https://github.com/vapor/jwt-kit.git",
      "state" : {
        "revision" : "2033b3e661238dda3d30e36a2d40987499d987de",
        "version" : "5.2.0"
      }
    },
    {
      "identity" : "ldk-swift",
      "kind" : "remoteSourceControl",
      "location" : "https://github.com/lightningdevkit/ldk-swift",
      "state" : {
        "revision" : "b36f37fc216ae83eb8fdc625ae3c85ea4158a7d6",
        "version" : "0.0.125"
      }
    },
    {
      "identity" : "networkingkit",
      "kind" : "remoteSourceControl",
      "location" : "https://github.com/SparrowTek/NetworkingKit.git",
      "state" : {
        "branch" : "main",
        "revision" : "8df3678a8e21522daebd71346156e1a7fae19d58"
      }
    },
    {
      "identity" : "nostrkit",
      "kind" : "remoteSourceControl",
      "location" : "https://github.com/SparrowTek/NostrKit",
      "state" : {
        "revision" : "c15a2e8fbf9c98f9cbe2b569f1f8731a810c747a",
        "version" : "3.0.0"
      }
    },
    {
      "identity" : "oauthenticator",
      "kind" : "remoteSourceControl",
      "location" : "https://github.com/radmakr/OAuthenticator.git",
      "state" : {
        "branch" : "macOS",
        "revision" : "9638d6ca49e9995689bfaf9c1cb13cb2ae96edb9"
      }
    },
    {
      "identity" : "swift-asn1",
      "kind" : "remoteSourceControl",
      "location" : "https://github.com/apple/swift-asn1.git",
      "state" : {
        "revision" : "eb50cbd14606a9161cbc5d452f18797c90ef0bab",
        "version" : "1.7.0"
      }
    },
    {
      "identity" : "swift-certificates",
      "kind" : "remoteSourceControl",
      "location" : "https://github.com/apple/swift-certificates.git",
      "state" : {
        "revision" : "bde8ca32a096825dfce37467137c903418c1893d",
        "version" : "1.19.1"
      }
    },
    {
      "identity" : "swift-crypto",
      "kind" : "remoteSourceControl",
      "location" : "https://github.com/apple/swift-crypto.git",
      "state" : {
        "revision" : "95ba0316a9b733e92bb6b071255ff46263bbe7dc",
        "version" : "3.15.1"
      }
    },
    {
      "identity" : "swift-log",
      "kind" : "remoteSourceControl",
      "location" : "https://github.com/apple/swift-log.git",
      "state" : {
        "revision" : "92448c359f00ebe36ae97d3bd9086f13c7692b5a",
        "version" : "1.13.2"
      }
    },
    {
      "identity" : "swift-secp256k1",
      "kind" : "remoteSourceControl",
      "location" : "https://github.com/21-DOT-DEV/swift-secp256k1",
      "state" : {
        "revision" : "cfab52e538683557259302c39ef25df60226eb30",
        "version" : "0.23.1"
      }
    },
    {
      "identity" : "vault",
      "kind" : "remoteSourceControl",
      "location" : "https://github.com/SparrowTek/Vault",
      "state" : {
        "revision" : "25df48f62a5382c217cfe67f2a12e6efe8f60ec4",
        "version" : "1.2.0"
      }
    }
  ],
  "version" : 3
}
